
Microsoft Visual Studio Solution File, Format Version 12.00
# Visual Studio Version 17
VisualStudioVersion = 17.7.34221.43
MinimumVisualStudioVersion = 10.0.40219.1
Project("{FAE04EC0-301F-11D3-BF4B-00C04F79EFBC}") = "Practical_test_application", "Practical_test_application.csproj", "{1EE771E0-80DE-4013-9BE0-28D6F19C91B0}"
EndProject
Global
	GlobalSection(SolutionConfigurationPlatforms) = preSolution
		Debug|Any CPU = Debug|Any CPU
		Release|Any CPU = Release|Any CPU
	EndGlobalSection
	GlobalSection(ProjectConfigurationPlatforms) = postSolution
		{1EE771E0-80DE-4013-9BE0-28D6F19C91B0}.Debug|Any CPU.ActiveCfg = Debug|Any CPU
		{1EE771E0-80DE-4013-9BE0-28D6F19C91B0}.Debug|Any CPU.Build.0 = Debug|Any CPU
		{1EE771E0-80DE-4013-9BE0-28D6F19C91B0}.Release|Any CPU.ActiveCfg = Release|Any CPU
		{1EE771E0-80DE-4013-9BE0-28D6F19C91B0}.Release|Any CPU.Build.0 = Release|Any CPU
	EndGlobalSection
	GlobalSection(SolutionProperties) = preSolution
		HideSolutionNode = FALSE
	EndGlobalSection
	GlobalSection(ExtensibilityGlobals) = postSolution
		SolutionGuid = {044E0A80-4474-4566-8F0A-2A307AD56B12}
	EndGlobalSection
EndGlobal
